279
name = "jsonpatch"
280
version = "1.33"
281
source = { registry = "https://pypi.org/simple" }
282
dependencies = [
283
    { name = "jsonpointer" },
284
]
285
sdist = { url = "https://files.pythonhosted.org/packages/42/78/18813351fe5d63acad16aec57f94ec2b70a09e53ca98145589e185423873/jsonpatch-1.33.tar.gz", hash = "sha256:9fcd4009c41e6d12348b4a0ff2563ba56a2923a7dfee731d004e212e1ee5030c", size = 21699, upload-time = "2023-06-26T12:07:29.144Z" }
286
wheels = [
287
    { url = "https://files.pythonhosted.org/packages/73/07/02e16ed01e04a374e644b575638ec7987ae846d25ad97bcc9945a3ee4b0e/jsonpatch-1.33-py2.py3-none-any.whl", hash = "sha256:0ae28c0cd062bbd8b8ecc26d7d164fbbea9652a1a3693f3b956c1eae5145dade", size = 12898, upload-time = "2023-06-16T21:01:28.466Z" },
288
]
289

290
[[package]]
291
name = "jsonpointer"
292
version = "3.0.0"
293
source = { registry = "https://pypi.org/simple" }
294
sdist = { url = "https://files.pythonhosted.org/packages/6a/0a/eebeb1fa92507ea94016a2a790b93c2ae41a7e18778f85471dc54475ed25/jsonpointer-3.0.0.tar.gz", hash = "sha256:2b2d729f2091522d61c3b31f82e11870f60b68f43fbc705cb76bf4b832af59ef", size = 9114, upload-time = "2024-06-10T19:24:42.462Z" }
295
wheels = [
296
    { url = "https://files.pythonhosted.org/packages/71/92/5e77f98553e9e75130c78900d000368476aed74276eb8ae8796f65f00918/jsonpointer-3.0.0-py2.py3-none-any.whl", hash = "sha256:13e088adc14fca8b6aa8177c044e12701e6ad4b28ff10e65f2267a90109c9942", size = 7595, upload-time = "2024-06-10T19:24:40.698Z" },
297
]
298

299
[[package]]
300
name = "langchain-core"
301
version = "0.3.68"
302
source = { registry = "https://pypi.org/simple" }
303
dependencies = [
304
    { name = "jsonpatch" },
305
    { name = "langsmith" },
306
    { name = "packaging" },
307
    { name = "pydantic" },
308
    { name = "pyyaml" },
309
    { name = "tenacity" },
310
    { name = "typing-extensions" },
311
]
312
sdist = { url = "https://files.pythonhosted.org/packages/23/20/f5b18a17bfbe3416177e702ab2fd230b7d168abb17be31fb48f43f0bb772/langchain_core-0.3.68.tar.gz", hash = "sha256:312e1932ac9aa2eaf111b70fdc171776fa571d1a86c1f873dcac88a094b19c6f", size = 563041, upload-time = "2025-07-03T17:02:28.704Z" }
313
wheels = [
314
    { url = "https://files.pythonhosted.org/packages/f9/da/c89be0a272993bfcb762b2a356b9f55de507784c2755ad63caec25d183bf/langchain_core-0.3.68-py3-none-any.whl", hash = "sha256:5e5c1fbef419590537c91b8c2d86af896fbcbaf0d5ed7fdcdd77f7d8f3467ba0", size = 441405, upload-time = "2025-07-03T17:02:27.115Z" },
315
]
316

317
[[package]]
318
name = "langgraph"
319
source = { editable = "../langgraph" }
320
dependencies = [
321
    { name = "langchain-core" },
322
    { name = "langgraph-checkpoint" },
323
    { name = "langgraph-prebuilt" },
324
    { name = "langgraph-sdk" },
325
    { name = "pydantic" },