version = 1
revision = 3
requires-python = "==3.13.*"

[[package]]
name = "advanced-graph-examples"
version = "0.1.0"
source = { virtual = "." }
dependencies = [
    { name = "saf-python-sdk" },
]

[package.metadata]
requires-dist = [{ name = "saf-python-sdk", specifier = ">=0.1.1" }]

[package.metadata.requires-dev]
dev = []

[[package]]
name = "saf-python-sdk"
version = "0.1.2"
source = { registry = "https://pypi.org/simple" }
wheels = [
    { url = "https://files.pythonhosted.org/packages/c5/43/2a86cdc8a1fbb185b9ce4642f0e3676acc168d48ed2e68d4ead6ad57e95e/saf_python_sdk-0.1.2-cp313-cp313-macosx_11_0_arm64.whl", hash = "sha256:9035ab6ede9884b5588925c47d5b8be2c1c107becf5d6f88e0ebb39f4e8fac3b", size = 517053, upload-time = "2026-03-16T23:49:25.661Z" },
]
