# This file is automatically @generated by Poetry 1.8.3 and should not be changed by hand.

[[package]]
name = "packaging"
version = "23.2"
description = "Core utilities for Python packages"
optional = false
python-versions = ">=3.7"
files = [
    {file = "packaging-23.2-py3-none-any.whl", hash = "sha256:8c491190033a9af7e1d931d0b5dacc2ef47509b34dd0de67ed209b5203fc88c7"},
    {file = "packaging-23.2.tar.gz", hash = "sha256:048fb0e9405036518eaaf48a55953c750c11e1a1b68e0dd1a9d62ed0c092cfc5"},
]

[[package]]
name = "uv"
version = "0.1.45"
description = "An extremely fast Python package installer and resolver, written in Rust."
optional = false
python-versions = ">=3.8"
files = [
    {file = "uv-0.1.45-py3-none-linux_armv6l.whl", hash = "sha256:088af576fb0e0462cd5f718d03fb1a9f16ce5ae61fdb2a9d3ea938fc826cecc1"},
    {file = "uv-0.1.45-py3-none-macosx_10_12_x86_64.whl", hash = "sha256:b94180009264f3f7ee74250f8e4f99c8cb0cb3633e3a9c9c66cdef3eb69be575"},
    {file = "uv-0.1.45-py3-none-macosx_11_0_arm64.whl", hash = "sha256:4e5d55f0f8b6ae416c72d78106e224c8e8338356da21ddebecc7b1723de80924"},
    {file = "uv-0.1.45-py3-none-manylinux_2_17_aarch64.manylinux2014_aarch64.musllinux_1_1_aarch64.whl", hash = "sha256:7fdb235aaf420fa8ac9009999b1654a23540f03e25c35094543c2f48d7c41aef"},
    {file = "uv-0.1.45-py3-none-manylinux_2_17_armv7l.manylinux2014_armv7l.whl", hash = "sha256:de81501c0b03160d0944906d1a713f108258360e20c58385974acb7253b56166"},
    {file = "uv-0.1.45-py3-none-manylinux_2_17_i686.manylinux2014_i686.whl", hash = "sha256:346aa2d0a4ad3c0c3f7852c1edf5e5a8e5d2ef34c7474e9089877291c2da979c"},
    {file = "uv-0.1.45-py3-none-manylinux_2_17_ppc64.manylinux2014_ppc64.whl", hash = "sha256:a601eed14d484d36d421e4208911a56aaf758ea6c385ef8edf8ad9f8ead57ce1"},
    {file = "uv-0.1.45-py3-none-manylinux_2_17_ppc64le.manylinux2014_ppc64le.whl", hash = "sha256:2ca2d5a5e06c5f71c7b213e14fa59129e63b77de3ffbcf84ecc98d647d73a821"},
    {file = "uv-0.1.45-py3-none-manylinux_2_17_s390x.manylinux2014_s390x.whl", hash = "sha256:90b68c80dddebeca69b26a2af1e2e683804bcf2b5f22d107af03d9156d6218c6"},
    {file = "uv-0.1.45-py3-none-manylinux_2_17_x86_64.manylinux2014_x86_64.whl", hash = "sha256:cd7f2f64fdded940342dc37234c11ae3508222c3c9b6b0eac5879dcd586010fa"},
    {file = "uv-0.1.45-py3-none-manylinux_2_28_aarch64.whl", hash = "sha256:a39141e179fea043151a165c9155031e7976b0e4b076c0c33a45b58a420134e0"},
    {file = "uv-0.1.45-py3-none-musllinux_1_1_armv7l.whl", hash = "sha256:68718add6ee2cef2816f9bf8a1dbf2d8cf63d98ddf45840f340029f65a49fd89"},
    {file = "uv-0.1.45-py3-none-musllinux_1_1_i686.whl", hash = "sha256:110e0f45ddb2fe832ce50b0308be90e5439e0c02d3ffe042feeb3f759811f31f"},
    {file = "uv-0.1.45-py3-none-musllinux_1_1_ppc64le.whl", hash = "sha256:0f6cfe885f109bacc055edd5df2c837616ae2238b9324a9d37835a96b204ab2f"},
    {file = "uv-0.1.45-py3-none-musllinux_1_1_x86_64.whl", hash = "sha256:87e77d25e8f358c0d5de1983497ee4cf4cea8fc73373d1ef1063533352db2f89"},
    {file = "uv-0.1.45-py3-none-win32.whl", hash = "sha256:ddb93620c9e01fa83573c2648df4bee3fa548ca940de51c8a2c3566a23a0c776"},
    {file = "uv-0.1.45-py3-none-win_amd64.whl", hash = "sha256:8e2eeea4eec0e09f7d67378152428b5308dba8b33990d045d7a31d19bf18ca1f"},
    {file = "uv-0.1.45.tar.gz", hash = "sha256:40fab956bc7af50dfa4bda14e5871528f57603eb9bf8595eb3144aace0ed8c47"},
]

[metadata]
lock-version = "2.0"
python-versions = "^3.8.0,<4.0"
content-hash = "ac29a6587488fe83583561554cb37b0812f4609cf34fedc4afae8df804db0d73"
