1232
    { name = "json5" },
1233
    { name = "jsonschema" },
1234
    { name = "jupyter-server" },
1235
    { name = "packaging" },
1236
    { name = "requests" },
1237
]
sdist = { url = "https://files.pythonhosted.org/packages/0a/c9/a883ce65eb27905ce77ace410d83587c82ea64dc85a48d1f7ed52bcfa68d/jupyterlab_server-2.27.3.tar.gz", hash = "sha256:eb36caca59e74471988f0ae25c77945610b887f777255aa21f8065def9e51ed4", size = 76173, upload-time = "2024-07-16T17:02:04.149Z" }
1239
wheels = [
1240
    { url = "https://files.pythonhosted.org/packages/54/09/2032e7d15c544a0e3cd831c51d77a8ca57f7555b2e1b2922142eddb02a84/jupyterlab_server-2.27.3-py3-none-any.whl", hash = "sha256:e697488f66c3db49df675158a77b3b017520d772c6e1548c7d9bcc5df7944ee4", size = 59700, upload-time = "2024-07-16T17:02:01.115Z" },
1241
]
1242

1243
[[package]]
1244
name = "jupyterlab-widgets"
1245
version = "3.0.15"
1246
source = { registry = "https://pypi.org/simple" }
1247
sdist = { url = "https://files.pythonhosted.org/packages/b9/7d/160595ca88ee87ac6ba95d82177d29ec60aaa63821d3077babb22ce031a5/jupyterlab_widgets-3.0.15.tar.gz", hash = "sha256:2920888a0c2922351a9202817957a68c07d99673504d6cd37345299e971bb08b", size = 213149, upload-time = "2025-05-05T12:32:31.004Z" }
1248
wheels = [
1249
    { url = "https://files.pythonhosted.org/packages/43/6a/ca128561b22b60bd5a0c4ea26649e68c8556b82bc70a0c396eebc977fe86/jupyterlab_widgets-3.0.15-py3-none-any.whl", hash = "sha256:d59023d7d7ef71400d51e6fee9a88867f6e65e10a4201605d2d7f3e8f012a31c", size = 216571, upload-time = "2025-05-05T12:32:29.534Z" },
1250
]
1251

1252
[[package]]
1253
name = "langchain-core"
1254
version = "0.3.74"
1255
source = { registry = "https://pypi.org/simple" }
1256
dependencies = [
1257
    { name = "jsonpatch" },
1258
    { name = "langsmith" },
1259
    { name = "packaging" },
1260
    { name = "pydantic" },
1261
    { name = "pyyaml" },
1262
    { name = "tenacity" },
1263
    { name = "typing-extensions" },
1264
]
1265
sdist = { url = "https://files.pythonhosted.org/packages/f1/c6/5d755a0f1f4857abbe5ea6f5907ed0e2b5df52bf4dde0a0fd768290e3084/langchain_core-0.3.74.tar.gz", hash = "sha256:ff604441aeade942fbcc0a3860a592daba7671345230c2078ba2eb5f82b6ba76", size = 569553, upload-time = "2025-08-07T20:47:05.094Z" }
1266
wheels = [
1267
    { url = "https://files.pythonhosted.org/packages/4d/26/545283681ac0379d31c7ad0bac5f195e1982092d76c65ca048db9e3cec0e/langchain_core-0.3.74-py3-none-any.whl", hash = "sha256:088338b5bc2f6a66892f9afc777992c24ee3188f41cbc603d09181e34a228ce7", size = 443453, upload-time = "2025-08-07T20:47:03.853Z" },
1268
]
1269

1270
[[package]]
1271
name = "langgraph"
1272
source = { editable = "." }
1273
dependencies = [
1274
    { name = "langchain-core" },
1275
    { name = "langgraph-checkpoint" },
1276
    { name = "langgraph-prebuilt" },
1277
    { name = "langgraph-sdk" },
1278
    { name = "pydantic" },